{
  "name": "opentelemetry-js-example-app",
  "version": "0.2.0",
  "lockfileVersion": 1,
  "requires": true,
  "dependencies": {
    "@opentelemetry/api": {
      "version": "1.0.3",
      "resolved": "http://r.tnpm.oa.com/@opentelemetry%2fapi/-/api-1.0.3.tgz",
      "integrity": "sha512-puWxACExDe9nxbBB3lOymQFrLYml2dVOrd7USiVRnSbgXE+KwBu+HxFvxrzfqsiSda9IWsXJG1ef7C1O2/GmKQ=="
    },
    "@opentelemetry/api-metrics": {
      "version": "0.26.0",
      "resolved": "http://r.tnpm.oa.com/@opentelemetry%2fapi-metrics/-/api-metrics-0.26.0.tgz",
      "integrity": "sha512-idDSUTx+LRwJiHhVHhdh45SWow5u9lKNDROKu5AMzsIVPI29utH5FfT9vor8qMM6blxWWvlT22HUNdNMWqUQfQ=="
    },
    "@opentelemetry/core": {
      "version": "1.0.0",
      "resolved": "http://r.tnpm.oa.com/@opentelemetry%2fcore/-/core-1.0.0.tgz",
      "integrity": "sha512-1+qvKilADnSFW4PiXy+f7D22pvfGVxepZ69GcbF8cTcbQTUt7w63xEBWn5f5j92x9I3c0sqbW1RUx5/a4wgzxA==",
      "requires": {
        "@opentelemetry/semantic-conventions": "1.0.0",
        "semver": "^7.3.5"
      }
    },
    "@opentelemetry/exporter-otlp-http": {
      "version": "0.26.0",
      "resolved": "http://r.tnpm.oa.com/@opentelemetry%2fexporter-otlp-http/-/exporter-otlp-http-0.26.0.tgz",
      "integrity": "sha512-V3FcUEIVDZ66b3/6vjSBjwwozf/XV5eUXuELNzN8PAvGZH4mw36vaWlaxnGEV8HaZb2hbu2KbRpcOzqxx3tFDA==",
      "requires": {
        "@opentelemetry/api-metrics": "0.26.0",
        "@opentelemetry/core": "1.0.0",
        "@opentelemetry/resources": "1.0.0",
        "@opentelemetry/sdk-metrics-base": "0.26.0",
        "@opentelemetry/sdk-trace-base": "1.0.0"
      }
    },
    "@opentelemetry/resources": {
      "version": "1.0.0",
      "resolved": "http://r.tnpm.oa.com/@opentelemetry%2fresources/-/resources-1.0.0.tgz",
      "integrity": "sha512-ORP8F2LLcJEm5M3H24RmdlMdiDc70ySPushpkrAW34KZGdZXwkrFoFXZhhs5MUxPT+fLrTuBafXxZVr8eHtFuQ==",
      "requires": {
        "@opentelemetry/core": "1.0.0",
        "@opentelemetry/semantic-conventions": "1.0.0"
      }
    },
    "@opentelemetry/sdk-metrics-base": {
      "version": "0.26.0",
      "resolved": "http://r.tnpm.oa.com/@opentelemetry%2fsdk-metrics-base/-/sdk-metrics-base-0.26.0.tgz",
      "integrity": "sha512-PbJsso7Vy/CLATAOyXbt/VP7ZQ2QYnvlq28lhOWaLPw8aqLogMBvidNGRrt7rF4/hfzLT6pMgpAAcit2C/nUMA==",
      "requires": {
        "@opentelemetry/api-metrics": "0.26.0",
        "@opentelemetry/core": "1.0.0",
        "@opentelemetry/resources": "1.0.0",
        "lodash.merge": "^4.6.2"
      }
    },
    "@opentelemetry/sdk-trace-base": {
      "version": "1.0.0",
      "resolved": "http://r.tnpm.oa.com/@opentelemetry%2fsdk-trace-base/-/sdk-trace-base-1.0.0.tgz",
      "integrity": "sha512-/rXoyQlDlJTJ4SOVAbP0Gpj89B8oZ2hJApYG2Dq5klkgFAtDifN8271TIzwtM8/ET8HUhgx9eyoUJi42LhIesg==",
      "requires": {
        "@opentelemetry/core": "1.0.0",
        "@opentelemetry/resources": "1.0.0",
        "@opentelemetry/semantic-conventions": "1.0.0",
        "lodash.merge": "^4.6.2"
      }
    },
    "@opentelemetry/sdk-trace-web": {
      "version": "1.0.0",
      "resolved": "http://r.tnpm.oa.com/@opentelemetry%2fsdk-trace-web/-/sdk-trace-web-1.0.0.tgz",
      "integrity": "sha512-sad+4SElmce/0DgvjtYABATvHA1R5SyXxaMYYz19OZcggTd1ha8AK/gxsCr2oxD7f6ROYN5aXNYwOWEpcHj/fA==",
      "requires": {
        "@opentelemetry/core": "1.0.0",
        "@opentelemetry/sdk-trace-base": "1.0.0",
        "@opentelemetry/semantic-conventions": "1.0.0"
      }
    },
    "@opentelemetry/semantic-conventions": {
      "version": "1.0.0",
      "resolved": "http://r.tnpm.oa.com/@opentelemetry%2fsemantic-conventions/-/semantic-conventions-1.0.0.tgz",
      "integrity": "sha512-XCZ6ZSmc8FOspxKUU+Ow9UtJeSSRcS5rFBYGpjzix02U2v+X9ofjOjgNRnpvxlSvkccYIhdTuwcvNskmZ46SeA=="
    },
    "@types/node": {
      "version": "16.10.9",
      "resolved": "http://r.tnpm.oa.com/@types%2fnode/-/node-16.10.9.tgz",
      "integrity": "sha512-H9ReOt+yqIJPCutkTYjFjlyK6WEMQYT9hLZMlWtOjFQY2ItppsWZ6RJf8Aw+jz5qTYceuHvFgPIaKOHtLAEWBw==",
      "dev": true
    },
    "ansi-regex": {
      "version": "5.0.1",
      "resolved": "http://r.tnpm.oa.com/ansi-regex/-/ansi-regex-5.0.1.tgz",
      "integrity": "sha512-quJQXlTSUGL2LH9SUXo8VwsY4soanhgo6LNSm84E1LBcE8s3O0wpdiRzyR9z/ZZJMlMWv37qOOb9pdJlMUEKFQ==",
      "dev": true
    },
    "ansi-styles": {
      "version": "4.3.0",
      "resolved": "http://r.tnpm.oa.com/ansi-styles/-/ansi-styles-4.3.0.tgz",
      "integrity": "sha512-zbB9rCJAT1rbjiVDb2hqKFHNYLxgtk8NURxZ3IZwD3F6NtxbXZQCnnSi1Lkx+IDohdPlFp222wVALIheZJQSEg==",
      "dev": true,
      "requires": {
        "color-convert": "^2.0.1"
      }
    },
    "cliui": {
      "version": "7.0.4",
      "resolved": "http://r.tnpm.oa.com/cliui/-/cliui-7.0.4.tgz",
      "integrity": "sha512-OcRE68cOsVMXp1Yvonl/fzkQOyjLSu/8bhPDfQt0e0/Eb283TKP20Fs2MqoPsr9SwA595rRCA+QMzYc9nBP+JQ==",
      "dev": true,
      "requires": {
        "string-width": "^4.2.0",
        "strip-ansi": "^6.0.0",
        "wrap-ansi": "^7.0.0"
      }
    },
    "color-convert": {
      "version": "2.0.1",
      "resolved": "http://r.tnpm.oa.com/color-convert/-/color-convert-2.0.1.tgz",
      "integrity": "sha512-RRECPsj7iu/xb5oKYcsFHSppFNnsj/52OVTRKb4zP5onXwVF3zVmmToNcOfGC+CRDpfK/U584fMg38ZHCaElKQ==",
      "dev": true,
      "requires": {
        "color-name": "~1.1.4"
      }
    },
    "color-name": {
      "version": "1.1.4",
      "resolved": "http://r.tnpm.oa.com/color-name/-/color-name-1.1.4.tgz",
      "integrity": "sha512-dOy+3AuW3a2wNbZHIuMZpTcgjGuLU/uBL/ubcZF9OXbDo8ff4O8yVp5Bf0efS8uEoYo5q4Fx7dY9OgQGXgAsQA==",
      "dev": true
    },
    "emoji-regex": {
      "version": "8.0.0",
      "resolved": "http://r.tnpm.oa.com/emoji-regex/-/emoji-regex-8.0.0.tgz",
      "integrity": "sha512-MSjYzcWNOA0ewAHpz0MxpYFvwg6yjy1NG3xteoqz644VCo/RPgnr1/GGt+ic3iJTzQ8Eu3TdM14SawnVUmGE6A==",
      "dev": true
    },
    "esbuild": {
      "version": "0.13.6",
      "resolved": "http://r.tnpm.oa.com/esbuild/-/esbuild-0.13.6.tgz",
      "integrity": "sha512-zkMkYwC9ohVe6qxXykKf/4jfbtM/09CL8UEEnwuhO7Xq8NOTN2yAwCrmKKvHlGrEej6Y8e/tAmHB7wMMg7O0ew==",
      "dev": true,
      "requires": {
        "esbuild-android-arm64": "0.13.6",
        "esbuild-darwin-64": "0.13.6",
        "esbuild-darwin-arm64": "0.13.6",
        "esbuild-freebsd-64": "0.13.6",
        "esbuild-freebsd-arm64": "0.13.6",
        "esbuild-linux-32": "0.13.6",
        "esbuild-linux-64": "0.13.6",
        "esbuild-linux-arm": "0.13.6",
        "esbuild-linux-arm64": "0.13.6",
        "esbuild-linux-mips64le": "0.13.6",
        "esbuild-linux-ppc64le": "0.13.6",
        "esbuild-netbsd-64": "0.13.6",
        "esbuild-openbsd-64": "0.13.6",
        "esbuild-sunos-64": "0.13.6",
        "esbuild-windows-32": "0.13.6",
        "esbuild-windows-64": "0.13.6",
        "esbuild-windows-arm64": "0.13.6"
      }
    },
    "esbuild-android-arm64": {
      "version": "0.13.6",
      "resolved": "http://r.tnpm.oa.com/esbuild-android-arm64/-/esbuild-android-arm64-0.13.6.tgz",
      "integrity": "sha512-uEwrMRzqNzXxzIi0K/CtHn3/SPoRso4Dd/aJCpf9KuX+kCs9Tlhz29cKbZieznYAekdo36fDUrZyuugAwSdI+A==",
      "dev": true,
      "optional": true
    },
    "esbuild-darwin-64": {
      "version": "0.13.6",
      "resolved": "http://r.tnpm.oa.com/esbuild-darwin-64/-/esbuild-darwin-64-0.13.6.tgz",
      "integrity": "sha512-oJdWZn2QV5LTM24/vVWaUFlMVlRhpG9zZIA6Xd+xbCULOURwYnYRQWIzRpXNtTfuAr3+em9PqKUaGtYqvO/DYg==",
      "dev": true,
      "optional": true
    },
    "esbuild-darwin-arm64": {
      "version": "0.13.6",
      "resolved": "http://r.tnpm.oa.com/esbuild-darwin-arm64/-/esbuild-darwin-arm64-0.13.6.tgz",
      "integrity": "sha512-+f8Yn5doTEpCWtBaGxciDTikxESdGCNZpLYtXzMJLTWFHr8zqfAf4TAYGvg6T5T6N7OMC8HHy3GM+BijFXDXMg==",
      "dev": true,
      "optional": true
    },
    "esbuild-freebsd-64": {
      "version": "0.13.6",
      "resolved": "http://r.tnpm.oa.com/esbuild-freebsd-64/-/esbuild-freebsd-64-0.13.6.tgz",
      "integrity": "sha512-Yb/DgZUX0C6i4vnOymthLzoWAJBYWbn3Y2F4wKEufsx2veGN/wlwO/yz7IWGVVzb2zMUqbt30hCLF61sUFe7gA==",
      "dev": true,
      "optional": true
    },
    "esbuild-freebsd-arm64": {
      "version": "0.13.6",
      "resolved": "http://r.tnpm.oa.com/esbuild-freebsd-arm64/-/esbuild-freebsd-arm64-0.13.6.tgz",
      "integrity": "sha512-UKYlEb7mwprSJ9VW9+q3/Mgxest45I6rGMB/hrKY1T6lqoBVhWS4BTbL4EGetWdk05Tw4njFAO9+nmxgl7jMlA==",
      "dev": true,
      "optional": true
    },
    "esbuild-linux-32": {
      "version": "0.13.6",
      "resolved": "http://r.tnpm.oa.com/esbuild-linux-32/-/esbuild-linux-32-0.13.6.tgz",
      "integrity": "sha512-hQCZfSLBYtn8f1afFT6Dh9KeLsW12xLqrqssbhpi/xfN9c/bbCh/QQZaR9ZOEnmBHHRPb7rbSo3jQqlCWYb7LQ==",
      "dev": true,
      "optional": true
    },
    "esbuild-linux-64": {
      "version": "0.13.6",
      "resolved": "http://r.tnpm.oa.com/esbuild-linux-64/-/esbuild-linux-64-0.13.6.tgz",
      "integrity": "sha512-bRQwsD+xJoajonfyeq5JpiNRogH4mYFYbYsGhwrtQ4pMGk93V/4KuKQiKEisRZO0hYhZL4MtxufwF195zKlCAw==",
      "dev": true,
      "optional": true
    },
    "esbuild-linux-arm": {
      "version": "0.13.6",
      "resolved": "http://r.tnpm.oa.com/esbuild-linux-arm/-/esbuild-linux-arm-0.13.6.tgz",
      "integrity": "sha512-qQUrpL7QoPqujXEFSpeu6QZ43z0+OdDPHDkLO0GPbpV/jebP7J+0FreMqoq7ZxWG4rPigwcRdEyqzHh8Bh4Faw==",
      "dev": true,
      "optional": true
    },
    "esbuild-linux-arm64": {
      "version": "0.13.6",
      "resolved": "http://r.tnpm.oa.com/esbuild-linux-arm64/-/esbuild-linux-arm64-0.13.6.tgz",
      "integrity": "sha512-sRc1lt9ma1xBvInCwpS77ywR6KVdcJNsErsrDkDXx3mVe8DLLEn05TG0nIX9I+s8ouHEepikdKCfe1DZdILRjQ==",
      "dev": true,
      "optional": true
    },
    "esbuild-linux-mips64le": {
      "version": "0.13.6",
      "resolved": "http://r.tnpm.oa.com/esbuild-linux-mips64le/-/esbuild-linux-mips64le-0.13.6.tgz",
      "integrity": "sha512-1lsHZaIsHlFkHn1QRa/EONPGVHwzdIrkKn6r2m9cYUIn2J+rKtJg0e+WkNG3MaIrxozaGKaiSPGvaG1toCbZjw==",
      "dev": true,
      "optional": true
    },
    "esbuild-linux-ppc64le": {
      "version": "0.13.6",
      "resolved": "http://r.tnpm.oa.com/esbuild-linux-ppc64le/-/esbuild-linux-ppc64le-0.13.6.tgz",
      "integrity": "sha512-x223JNC8XeLDf05zLaKfxqCEWVct4frp8ft8Qc13cha33TMrqMFaSPq6cgpgT2VYuUsXtwoocoWChKfvy+AUQg==",
      "dev": true,
      "optional": true
    },
    "esbuild-netbsd-64": {
      "version": "0.13.6",
      "resolved": "http://r.tnpm.oa.com/esbuild-netbsd-64/-/esbuild-netbsd-64-0.13.6.tgz",
      "integrity": "sha512-TonKf530kT25+zi1Da6esITmuBJe13QiN+QGVch6YE8t720IvIelDGwkOQN3Td7A0JjbSbK3u+Fo6YaL151VxQ==",
      "dev": true,
      "optional": true
    },
    "esbuild-openbsd-64": {
      "version": "0.13.6",
      "resolved": "http://r.tnpm.oa.com/esbuild-openbsd-64/-/esbuild-openbsd-64-0.13.6.tgz",
      "integrity": "sha512-WFa5J0IuyER0UJbCGw87gvGWXGfhxeNppYcvQjp0pWYuH4FS+YqphyjV0RJlybzzDpAXkyZ9RzkMFtSAp+6AUA==",
      "dev": true,
      "optional": true
    },
    "esbuild-sunos-64": {
      "version": "0.13.6",
      "resolved": "http://r.tnpm.oa.com/esbuild-sunos-64/-/esbuild-sunos-64-0.13.6.tgz",
      "integrity": "sha512-duCL8Ewri+zjKxuN/61maniDxcd8fHwSuubdAPofll0y0E6WcL/R/e/mQzhHIuoguFm5RJkKun1qua54javh7g==",
      "dev": true,
      "optional": true
    },
    "esbuild-windows-32": {
      "version": "0.13.6",
      "resolved": "http://r.tnpm.oa.com/esbuild-windows-32/-/esbuild-windows-32-0.13.6.tgz",
      "integrity": "sha512-U8RkpT4f0/dygA5ytFyHNZ/fRECU9LWBMrqWflNhM31iTi6RhU0QTuOzFYkmpYnwl358ZZhVoBeEOm313d4u4A==",
      "dev": true,
      "optional": true
    },
    "esbuild-windows-64": {
      "version": "0.13.6",
      "resolved": "http://r.tnpm.oa.com/esbuild-windows-64/-/esbuild-windows-64-0.13.6.tgz",
      "integrity": "sha512-A23VyUeyBfSWUYNL0jtrJi5M/2yR/RR8zfpGQ0wU0fldqV2vxnvmBYOBwRxexFYCDRpRWh4cPFsoYoXRCFa8Dg==",
      "dev": true,
      "optional": true
    },
    "esbuild-windows-arm64": {
      "version": "0.13.6",
      "resolved": "http://r.tnpm.oa.com/esbuild-windows-arm64/-/esbuild-windows-arm64-0.13.6.tgz",
      "integrity": "sha512-K/pFqK/s5C6wXYcFKO9iPY4yU3DI0/Gbl1W2+OhaPHoXu13VGBmqbCiQ5lohHGE72FFQl76naOjEayEiI+gDMQ==",
      "dev": true,
      "optional": true
    },
    "escalade": {
      "version": "3.1.1",
      "resolved": "http://r.tnpm.oa.com/escalade/-/escalade-3.1.1.tgz",
      "integrity": "sha512-k0er2gUkLf8O0zKJiAhmkTnJlTvINGv7ygDNPbeIsX/TJjGJZHuh9B2UxbsaEkmlEo9MfhrSzmhIlhRlI2GXnw==",
      "dev": true
    },
    "fsevents": {
      "version": "2.3.2",
      "resolved": "http://r.tnpm.oa.com/fsevents/-/fsevents-2.3.2.tgz",
      "integrity": "sha512-xiqMQR4xAeHTuB9uWm+fFRcIOgKBMiOBP+eXiyT7jsgVCq1bkVygt00oASowB7EdtpOHaaPgKt812P9ab+DDKA==",
      "dev": true,
      "optional": true
    },
    "function-bind": {
      "version": "1.1.1",
      "resolved": "http://r.tnpm.oa.com/function-bind/-/function-bind-1.1.1.tgz",
      "integrity": "sha512-yIovAzMX49sF8Yl58fSCWJ5svSLuaibPxXQJFLmBObTuCr0Mf1KiPopGM9NiFjiYBCbfaa2Fh6breQ6ANVTI0A==",
      "dev": true
    },
    "get-caller-file": {
      "version": "2.0.5",
      "resolved": "http://r.tnpm.oa.com/get-caller-file/-/get-caller-file-2.0.5.tgz",
      "integrity": "sha512-DyFP3BM/3YHTQOCUL/w0OZHR0lpKeGrxotcHWcqNEdnltqFwXVfhEBQ94eIo34AfQpo0rGki4cyIiftY06h2Fg==",
      "dev": true
    },
    "has": {
      "version": "1.0.3",
      "resolved": "http://r.tnpm.oa.com/has/-/has-1.0.3.tgz",
      "integrity": "sha512-f2dvO0VU6Oej7RkWJGrehjbzMAjFp5/VKPp5tTpWIV4JHHZK1/BxbFRtf/siA2SWTe09caDmVtYYzWEIbBS4zw==",
      "dev": true,
      "requires": {
        "function-bind": "^1.1.1"
      }
    },
    "is-core-module": {
      "version": "2.7.0",
      "resolved": "http://r.tnpm.oa.com/is-core-module/-/is-core-module-2.7.0.tgz",
      "integrity": "sha512-ByY+tjCciCr+9nLryBYcSD50EOGWt95c7tIsKTG1J2ixKKXPvF7Ej3AVd+UfDydAJom3biBGDBALaO79ktwgEQ==",
      "dev": true,
      "requires": {
        "has": "^1.0.3"
      }
    },
    "is-docker": {
      "version": "2.2.1",
      "resolved": "http://r.tnpm.oa.com/is-docker/-/is-docker-2.2.1.tgz",
      "integrity": "sha512-F+i2BKsFrH66iaUFc0woD8sLy8getkwTwtOBjvs56Cx4CgJDeKQeqfz8wAYiSb8JOprWhHH5p77PbmYCvvUuXQ==",
      "dev": true
    },
    "is-fullwidth-code-point": {
      "version": "3.0.0",
      "resolved": "http://r.tnpm.oa.com/is-fullwidth-code-point/-/is-fullwidth-code-point-3.0.0.tgz",
      "integrity": "sha512-zymm5+u+sCsSWyD9qNaejV3DFvhCKclKdizYaJUuHA83RLjb7nSuGnddCHGv0hk+KY7BMAlsWeK4Ueg6EV6XQg==",
      "dev": true
    },
    "is-wsl": {
      "version": "2.2.0",
      "resolved": "http://r.tnpm.oa.com/is-wsl/-/is-wsl-2.2.0.tgz",
      "integrity": "sha512-fKzAra0rGJUUBwGBgNkHZuToZcn+TtXHpeCgmkMJMMYx1sQDYaCSyjJBSCa2nH1DGm7s3n1oBnohoVTBaN7Lww==",
      "dev": true,
      "requires": {
        "is-docker": "^2.0.0"
      }
    },
    "lodash.merge": {
      "version": "4.6.2",
      "resolved": "http://r.tnpm.oa.com/lodash.merge/-/lodash.merge-4.6.2.tgz",
      "integrity": "sha512-0KpjqXRVvrYyCsX1swR/XTK0va6VQkQM6MNo7PqW77ByjAhoARA8EfrP1N4+KlKj8YS0ZUCtRT/YUuhyYDujIQ=="
    },
    "lru-cache": {
      "version": "6.0.0",
      "resolved": "http://r.tnpm.oa.com/lru-cache/-/lru-cache-6.0.0.tgz",
      "integrity": "sha512-Jo6dJ04CmSjuznwJSS3pUeWmd/H0ffTlkXXgwZi+eq1UCmqQwCh+eLsYOYCwY991i2Fah4h1BEMCx4qThGbsiA==",
      "requires": {
        "yallist": "^4.0.0"
      }
    },
    "nanoid": {
      "version": "3.1.30",
      "resolved": "http://r.tnpm.oa.com/nanoid/-/nanoid-3.1.30.tgz",
      "integrity": "sha512-zJpuPDwOv8D2zq2WRoMe1HsfZthVewpel9CAvTfc/2mBD1uUT/agc5f7GHGWXlYkFvi1mVxe4IjvP2HNrop7nQ==",
      "dev": true
    },
    "open": {
      "version": "7.4.2",
      "resolved": "http://r.tnpm.oa.com/open/-/open-7.4.2.tgz",
      "integrity": "sha512-MVHddDVweXZF3awtlAS+6pgKLlm/JgxZ90+/NBurBoQctVOOB/zDdVjcyPzQ+0laDGbsWgrRkflI65sQeOgT9Q==",
      "dev": true,
      "requires": {
        "is-docker": "^2.0.0",
        "is-wsl": "^2.1.1"
      }
    },
    "path-parse": {
      "version": "1.0.7",
      "resolved": "http://r.tnpm.oa.com/path-parse/-/path-parse-1.0.7.tgz",
      "integrity": "sha512-LDJzPVEEEPR+y48z93A0Ed0yXb8pAByGWo/k5YYdYgpY2/2EsOsksJrq7lOHxryrVOn1ejG6oAp8ahvOIQD8sw==",
      "dev": true
    },
    "picocolors": {
      "version": "0.2.1",
      "resolved": "http://r.tnpm.oa.com/picocolors/-/picocolors-0.2.1.tgz",
      "integrity": "sha512-cMlDqaLEqfSaW8Z7N5Jw+lyIW869EzT73/F5lhtY9cLGoVxSXznfgfXMO0Z5K0o0Q2TkTXq+0KFsdnSe3jDViA==",
      "dev": true
    },
    "postcss": {
      "version": "8.3.9",
      "resolved": "http://r.tnpm.oa.com/postcss/-/postcss-8.3.9.tgz",
      "integrity": "sha512-f/ZFyAKh9Dnqytx5X62jgjhhzttjZS7hMsohcI7HEI5tjELX/HxCy3EFhsRxyzGvrzFF+82XPvCS8T9TFleVJw==",
      "dev": true,
      "requires": {
        "nanoid": "^3.1.28",
        "picocolors": "^0.2.1",
        "source-map-js": "^0.6.2"
      }
    },
    "require-directory": {
      "version": "2.1.1",
      "resolved": "http://r.tnpm.oa.com/require-directory/-/require-directory-2.1.1.tgz",
      "integrity": "sha1-jGStX9MNqxyXbiNE/+f3kqam30I=",
      "dev": true
    },
    "resolve": {
      "version": "1.20.0",
      "resolved": "http://r.tnpm.oa.com/resolve/-/resolve-1.20.0.tgz",
      "integrity": "sha512-wENBPt4ySzg4ybFQW2TT1zMQucPK95HSh/nq2CFTZVOGut2+pQvSsgtda4d26YrYcr067wjbmzOG8byDPBX63A==",
      "dev": true,
      "requires": {
        "is-core-module": "^2.2.0",
        "path-parse": "^1.0.6"
      }
    },
    "rollup": {
      "version": "2.58.0",
      "resolved": "http://r.tnpm.oa.com/rollup/-/rollup-2.58.0.tgz",
      "integrity": "sha512-NOXpusKnaRpbS7ZVSzcEXqxcLDOagN6iFS8p45RkoiMqPHDLwJm758UF05KlMoCRbLBTZsPOIa887gZJ1AiXvw==",
      "dev": true,
      "requires": {
        "fsevents": "~2.3.2"
      }
    },
    "rollup-plugin-visualizer": {
      "version": "5.5.2",
      "resolved": "http://r.tnpm.oa.com/rollup-plugin-visualizer/-/rollup-plugin-visualizer-5.5.2.tgz",
      "integrity": "sha512-sh+P9KhuWTzeStyRA5yNZpoEFGuj5Ph34JLMa9+muhU8CneFf9L0XE4fmAwAojJLWp//uLUEyytBPSCdZEg5AA==",
      "dev": true,
      "requires": {
        "nanoid": "^3.1.22",
        "open": "^7.4.2",
        "source-map": "^0.7.3",
        "yargs": "^16.2.0"
      }
    },
    "semver": {
      "version": "7.3.5",
      "resolved": "http://r.tnpm.oa.com/semver/-/semver-7.3.5.tgz",
      "integrity": "sha512-PoeGJYh8HK4BTO/a9Tf6ZG3veo/A7ZVsYrSA6J8ny9nb3B1VrpkuN+z9OE5wfE5p6H4LchYZsegiQgbJD94ZFQ==",
      "requires": {
        "lru-cache": "^6.0.0"
      }
    },
    "source-map": {
      "version": "0.7.3",
      "resolved": "http://r.tnpm.oa.com/source-map/-/source-map-0.7.3.tgz",
      "integrity": "sha512-CkCj6giN3S+n9qrYiBTX5gystlENnRW5jZeNLHpe6aue+SrHcG5VYwujhW9s4dY31mEGsxBDrHR6oI69fTXsaQ==",
      "dev": true
    },
    "source-map-js": {
      "version": "0.6.2",
      "resolved": "http://r.tnpm.oa.com/source-map-js/-/source-map-js-0.6.2.tgz",
      "integrity": "sha512-/3GptzWzu0+0MBQFrDKzw/DvvMTUORvgY6k6jd/VS6iCR4RDTKWH6v6WPwQoUO8667uQEf9Oe38DxAYWY5F/Ug==",
      "dev": true
    },
    "string-width": {
      "version": "4.2.3",
      "resolved": "http://r.tnpm.oa.com/string-width/-/string-width-4.2.3.tgz",
      "integrity": "sha512-wKyQRQpjJ0sIp62ErSZdGsjMJWsap5oRNihHhu6G7JVO/9jIB6UyevL+tXuOqrng8j/cxKTWyWUwvSTriiZz/g==",
      "dev": true,
      "requires": {
        "emoji-regex": "^8.0.0",
        "is-fullwidth-code-point": "^3.0.0",
        "strip-ansi": "^6.0.1"
      }
    },
    "strip-ansi": {
      "version": "6.0.1",
      "resolved": "http://r.tnpm.oa.com/strip-ansi/-/strip-ansi-6.0.1.tgz",
      "integrity": "sha512-Y38VPSHcqkFrCpFnQ9vuSXmquuv5oXOKpGeT6aGrr3o3Gc9AlVa6JBfUSOCnbxGGZF+/0ooI7KrPuUSztUdU5A==",
      "dev": true,
      "requires": {
        "ansi-regex": "^5.0.1"
      }
    },
    "typescript": {
      "version": "4.4.4",
      "resolved": "http://r.tnpm.oa.com/typescript/-/typescript-4.4.4.tgz",
      "integrity": "sha512-DqGhF5IKoBl8WNf8C1gu8q0xZSInh9j1kJJMqT3a94w1JzVaBU4EXOSMrz9yDqMT0xt3selp83fuFMQ0uzv6qA==",
      "dev": true
    },
    "vite": {
      "version": "2.6.7",
      "resolved": "http://r.tnpm.oa.com/vite/-/vite-2.6.7.tgz",
      "integrity": "sha512-ewk//jve9k6vlU8PfJmWUHN8k0YYdw4VaKOMvoQ3nT2Pb6k5OSMKQi4jPOzVH/TlUqMsCrq7IJ80xcuDDVyigg==",
      "dev": true,
      "requires": {
        "esbuild": "^0.13.2",
        "fsevents": "~2.3.2",
        "postcss": "^8.3.8",
        "resolve": "^1.20.0",
        "rollup": "^2.57.0"
      }
    },
    "wrap-ansi": {
      "version": "7.0.0",
      "resolved": "http://r.tnpm.oa.com/wrap-ansi/-/wrap-ansi-7.0.0.tgz",
      "integrity": "sha512-YVGIj2kamLSTxw6NsZjoBxfSwsn0ycdesmc4p+Q21c5zPuZ1pl+NfxVdxPtdHvmNVOQ6XSYG4AUtyt/Fi7D16Q==",
      "dev": true,
      "requires": {
        "ansi-styles": "^4.0.0",
        "string-width": "^4.1.0",
        "strip-ansi": "^6.0.0"
      }
    },
    "y18n": {
      "version": "5.0.8",
      "resolved": "http://r.tnpm.oa.com/y18n/-/y18n-5.0.8.tgz",
      "integrity": "sha512-0pfFzegeDWJHJIAmTLRP2DwHjdF5s7jo9tuztdQxAhINCdvS+3nGINqPd00AphqJR/0LhANUS6/+7SCb98YOfA==",
      "dev": true
    },
    "yallist": {
      "version": "4.0.0",
      "resolved": "http://r.tnpm.oa.com/yallist/-/yallist-4.0.0.tgz",
      "integrity": "sha512-3wdGidZyq5PB084XLES5TpOSRA3wjXAlIWMhum2kRcv/41Sn2emQ0dycQW4uZXLejwKvg6EsvbdlVL+FYEct7A=="
    },
    "yargs": {
      "version": "16.2.0",
      "resolved": "http://r.tnpm.oa.com/yargs/-/yargs-16.2.0.tgz",
      "integrity": "sha512-D1mvvtDG0L5ft/jGWkLpG1+m0eQxOfaBvTNELraWj22wSVUMWxZUvYgJYcKh6jGGIkJFhH4IZPQhR4TKpc8mBw==",
      "dev": true,
      "requires": {
        "cliui": "^7.0.2",
        "escalade": "^3.1.1",
        "get-caller-file": "^2.0.5",
        "require-directory": "^2.1.1",
        "string-width": "^4.2.0",
        "y18n": "^5.0.5",
        "yargs-parser": "^20.2.2"
      }
    },
    "yargs-parser": {
      "version": "20.2.9",
      "resolved": "http://r.tnpm.oa.com/yargs-parser/-/yargs-parser-20.2.9.tgz",
      "integrity": "sha512-y11nGElTIV+CT3Zv9t7VKl+Q3hTQoT9a1Qzezhhl6Rp21gJ/IVTW7Z3y9EWXhuUBC2Shnf+DX0antecpAwSP8w==",
      "dev": true
    }
  }
}
